{
  "name": "camurls",
  "version": "0.1",
  "lockfileVersion": 2,
  "requires": true,
  "packages": {
    "": {
      "name": "camurls",
      "version": "0.1",
      "license": "MIT",
      "dependencies": {
        "dotenv": "^16.0.1",
        "mjpeg-decoder": "^1.0.3"
      },
      "engines": {
        "node": "17.x"
      }
    },
    "node_modules/dotenv": {
      "version": "16.0.1",
      "resolved": "https://registry.npmjs.org/dotenv/-/dotenv-16.0.1.tgz",
      "integrity": "sha512-1K6hR6wtk2FviQ4kEiSjFiH5rpzEVi8WW0x96aztHVMhEspNpc4DVOUTEHtEva5VThQ8IaBX1Pe4gSzpVVUsKQ==",
      "engines": {
        "node": ">=12"
      }
    },
    "node_modules/mjpeg-decoder": {
      "version": "1.0.3",
      "resolved": "https://registry.npmjs.org/mjpeg-decoder/-/mjpeg-decoder-1.0.3.tgz",
      "integrity": "sha512-X1sPolDgGmFePL1xGBpsRnUEZIc4yDQcCjdzkESoiysPOGchYP1BzLzzY+V5JTIe3RJ6tOzRmQ+HbPEbeu3nag=="
    }
  },
  "dependencies": {
    "dotenv": {
      "version": "16.0.1",
      "resolved": "https://registry.npmjs.org/dotenv/-/dotenv-16.0.1.tgz",
      "integrity": "sha512-1K6hR6wtk2FviQ4kEiSjFiH5rpzEVi8WW0x96aztHVMhEspNpc4DVOUTEHtEva5VThQ8IaBX1Pe4gSzpVVUsKQ=="
    },
    "mjpeg-decoder": {
      "version": "1.0.3",
      "resolved": "https://registry.npmjs.org/mjpeg-decoder/-/mjpeg-decoder-1.0.3.tgz",
      "integrity": "sha512-X1sPolDgGmFePL1xGBpsRnUEZIc4yDQcCjdzkESoiysPOGchYP1BzLzzY+V5JTIe3RJ6tOzRmQ+HbPEbeu3nag=="
    }
  }
}
